
Microsoft Visual Studio Solution File, Format Version 12.00
# Visual Studio Version 16
VisualStudioVersion = 16.0.31424.327
MinimumVisualStudioVersion = 10.0.40219.1
Project("{FAE04EC0-301F-11D3-BF4B-00C04F79EFBC}") = "Hello World!!!", "Hello World!!!.csproj", "{FAD0D5A7-6254-4CD0-B54C-D9ED4A4C9352}"
EndProject
Global
	GlobalSection(SolutionConfigurationPlatforms) = preSolution
		Debug|Any CPU = Debug|Any CPU
		Release|Any CPU = Release|Any CPU
	EndGlobalSection
	GlobalSection(ProjectConfigurationPlatforms) = postSolution
		{FAD0D5A7-6254-4CD0-B54C-D9ED4A4C9352}.Debug|Any CPU.ActiveCfg = Debug|Any CPU
		{FAD0D5A7-6254-4CD0-B54C-D9ED4A4C9352}.Debug|Any CPU.Build.0 = Debug|Any CPU
		{FAD0D5A7-6254-4CD0-B54C-D9ED4A4C9352}.Release|Any CPU.ActiveCfg = Release|Any CPU
		{FAD0D5A7-6254-4CD0-B54C-D9ED4A4C9352}.Release|Any CPU.Build.0 = Release|Any CPU
	EndGlobalSection
	GlobalSection(SolutionProperties) = preSolution
		HideSolutionNode = FALSE
	EndGlobalSection
	GlobalSection(ExtensibilityGlobals) = postSolution
		SolutionGuid = {2131F5D2-10CD-4713-B246-27301012E23F}
	EndGlobalSection
EndGlobal
