
Microsoft Visual Studio Solution File, Format Version 12.00
# Visual Studio Version 16
VisualStudioVersion = 16.0.31515.178
MinimumVisualStudioVersion = 10.0.40219.1
Project("{FAE04EC0-301F-11D3-BF4B-00C04F79EFBC}") = "BlueRuhe", "BlueRuhe.csproj", "{9846B6C7-9F10-4025-9A5F-868DED7DBA64}"
EndProject
Global
	GlobalSection(SolutionConfigurationPlatforms) = preSolution
		Debug|Any CPU = Debug|Any CPU
		Release|Any CPU = Release|Any CPU
	EndGlobalSection
	GlobalSection(ProjectConfigurationPlatforms) = postSolution
		{9846B6C7-9F10-4025-9A5F-868DED7DBA64}.Debug|Any CPU.ActiveCfg = Debug|Any CPU
		{9846B6C7-9F10-4025-9A5F-868DED7DBA64}.Debug|Any CPU.Build.0 = Debug|Any CPU
		{9846B6C7-9F10-4025-9A5F-868DED7DBA64}.Release|Any CPU.ActiveCfg = Release|Any CPU
		{9846B6C7-9F10-4025-9A5F-868DED7DBA64}.Release|Any CPU.Build.0 = Release|Any CPU
	EndGlobalSection
	GlobalSection(SolutionProperties) = preSolution
		HideSolutionNode = FALSE
	EndGlobalSection
	GlobalSection(ExtensibilityGlobals) = postSolution
		SolutionGuid = {1C17A9A1-D206-4892-8361-C9994BA15702}
	EndGlobalSection
EndGlobal
